
Microsoft Visual Studio Solution File, Format Version 12.00
# Visual Studio Version 17
VisualStudioVersion = 17.6.33723.286
MinimumVisualStudioVersion = 10.0.40219.1
Project("{FAE04EC0-301F-11D3-BF4B-00C04F79EFBC}") = "IndexSystem", "IndexSystem.csproj", "{0E76502B-69A8-4CFF-9DA4-8BDF200D4175}"
EndProject
Global
	GlobalSection(SolutionConfigurationPlatforms) = preSolution
		Debug|Any CPU = Debug|Any CPU
		Release|Any CPU = Release|Any CPU
	EndGlobalSection
	GlobalSection(ProjectConfigurationPlatforms) = postSolution
		{0E76502B-69A8-4CFF-9DA4-8BDF200D4175}.Debug|Any CPU.ActiveCfg = Debug|Any CPU
		{0E76502B-69A8-4CFF-9DA4-8BDF200D4175}.Debug|Any CPU.Build.0 = Debug|Any CPU
		{0E76502B-69A8-4CFF-9DA4-8BDF200D4175}.Release|Any CPU.ActiveCfg = Release|Any CPU
		{0E76502B-69A8-4CFF-9DA4-8BDF200D4175}.Release|Any CPU.Build.0 = Release|Any CPU
	EndGlobalSection
	GlobalSection(SolutionProperties) = preSolution
		HideSolutionNode = FALSE
	EndGlobalSection
	GlobalSection(ExtensibilityGlobals) = postSolution
		SolutionGuid = {2839C4CA-9548-4E2C-B27D-FFA8292343B1}
	EndGlobalSection
EndGlobal
